// !$*UTF8*$!
{
	archiveVersion = 1;
	classes = {
	};
	objectVersion = 56;
	objects = {

/* Begin PBXBuildFile section */
		6C0F33872934BEBD00E986C7 /* Constants.swift in Sources */ = {isa = PBXBuildFile; fileRef = 6C0F33862934BEBD00E986C7 /* Constants.swift */; };
		6C0F33902934BFC400E986C7 /* JokesModel.swift in Sources */ = {isa = PBXBuildFile; fileRef = 6C0F338F2934BFC400E986C7 /* JokesModel.swift */; };
		6C0F33932934BFDA00E986C7 /* JokesVM.swift in Sources */ = {isa = PBXBuildFile; fileRef = 6C0F33922934BFDA00E986C7 /* JokesVM.swift */; };
		6C0F33962934BFF800E986C7 /* JokesVC.swift in Sources */ = {isa = PBXBuildFile; fileRef = 6C0F33952934BFF800E986C7 /* JokesVC.swift */; };
		6C0F33982934C00400E986C7 /* FavoritesVC.swift in Sources */ = {isa = PBXBuildFile; fileRef = 6C0F33972934C00400E986C7 /* FavoritesVC.swift */; };
		6C0F339B2934C02300E986C7 /* NetworkManager.swift in Sources */ = {isa = PBXBuildFile; fileRef = 6C0F339A2934C02300E986C7 /* NetworkManager.swift */; };
		6C0F339D2934C02F00E986C7 /* PersistenceManager.swift in Sources */ = {isa = PBXBuildFile; fileRef = 6C0F339C2934C02F00E986C7 /* PersistenceManager.swift */; };
		6C0F33A22934C4C100E986C7 /* RandomJokeApp.xcdatamodeld in Sources */ = {isa = PBXBuildFile; fileRef = 6C0F33A02934C4C100E986C7 /* RandomJokeApp.xcdatamodeld */; };
		6C8EBAF32934BD1200BC9781 /* AppDelegate.swift in Sources */ = {isa = PBXBuildFile; fileRef = 6C8EBAF22934BD1200BC9781 /* AppDelegate.swift */; };
		6C8EBAF52934BD1200BC9781 /* SceneDelegate.swift in Sources */ = {isa = PBXBuildFile; fileRef = 6C8EBAF42934BD1200BC9781 /* SceneDelegate.swift */; };
		6C8EBAFF2934BD1300BC9781 /* Assets.xcassets in Resources */ = {isa = PBXBuildFile; fileRef = 6C8EBAFE2934BD1300BC9781 /* Assets.xcassets */; };
		6C8EBB022934BD1300BC9781 /* LaunchScreen.storyboard in Resources */ = {isa = PBXBuildFile; fileRef = 6C8EBB002934BD1300BC9781 /* LaunchScreen.storyboard */; };
/* End PBXBuildFile section */

/* Begin PBXFileReference section */
		6C0F33862934BEBD00E986C7 /* Constants.swift */ = {isa = PBXFileReference; lastKnownFileType = sourcecode.swift; path = Constants.swift; sourceTree = "<group>"; };
		6C0F338F2934BFC400E986C7 /* JokesModel.swift */ = {isa = PBXFileReference; lastKnownFileType = sourcecode.swift; path = JokesModel.swift; sourceTree = "<group>"; };
		6C0F33922934BFDA00E986C7 /* JokesVM.swift */ = {isa = PBXFileReference; lastKnownFileType = sourcecode.swift; path = JokesVM.swift; sourceTree = "<group>"; };
		6C0F33952934BFF800E986C7 /* JokesVC.swift */ = {isa = PBXFileReference; lastKnownFileType = sourcecode.swift; path = JokesVC.swift; sourceTree = "<group>"; };
		6C0F33972934C00400E986C7 /* FavoritesVC.swift */ = {isa = PBXFileReference; lastKnownFileType = sourcecode.swift; path = FavoritesVC.swift; sourceTree = "<group>"; };
		6C0F339A2934C02300E986C7 /* NetworkManager.swift */ = {isa = PBXFileReference; lastKnownFileType = sourcecode.swift; path = NetworkManager.swift; sourceTree = "<group>"; };
		6C0F339C2934C02F00E986C7 /* PersistenceManager.swift */ = {isa = PBXFileReference; lastKnownFileType = sourcecode.swift; path = PersistenceManager.swift; sourceTree = "<group>"; };
		6C0F33A12934C4C100E986C7 /* RandomJokeAppModel.xcdatamodel */ = {isa = PBXFileReference; lastKnownFileType = wrapper.xcdatamodel; path = RandomJokeAppModel.xcdatamodel; sourceTree = "<group>"; };
		6C8EBAEF2934BD1200BC9781 /* RandomJokeApp.app */ = {isa = PBXFileReference; explicitFileType = wrapper.application; includeInIndex = 0; path = RandomJokeApp.app; sourceTree = BUILT_PRODUCTS_DIR; };
		6C8EBAF22934BD1200BC9781 /* AppDelegate.swift */ = {isa = PBXFileReference; lastKnownFileType = sourcecode.swift; path = AppDelegate.swift; sourceTree = "<group>"; };
		6C8EBAF42934BD1200BC9781 /* SceneDelegate.swift */ = {isa = PBXFileReference; lastKnownFileType = sourcecode.swift; path = SceneDelegate.swift; sourceTree = "<group>"; };
		6C8EBAFE2934BD1300BC9781 /* Assets.xcassets */ = {isa = PBXFileReference; lastKnownFileType = folder.assetcatalog; path = Assets.xcassets; sourceTree = "<group>"; };
		6C8EBB012934BD1300BC9781 /* Base */ = {isa = PBXFileReference; lastKnownFileType = file.storyboard; name = Base; path = Base.lproj/LaunchScreen.storyboard; sourceTree = "<group>"; };
		6C8EBB032934BD1300BC9781 /* Info.plist */ = {isa = PBXFileReference; lastKnownFileType = text.plist.xml; path = Info.plist; sourceTree = "<group>"; };
/* End PBXFileReference section */

/* Begin PBXFrameworksBuildPhase section */
		6C8EBAEC2934BD1200BC9781 /* Frameworks */ = {
			isa = PBXFrameworksBuildPhase;
			buildActionMask = 2147483647;
			files = (
			);
			runOnlyForDeploymentPostprocessing = 0;
		};
/* End PBXFrameworksBuildPhase section */

/* Begin PBXGroup section */
		6C0F33892934BECB00E986C7 /* Constants */ = {
			isa = PBXGroup;
			children = (
				6C0F33862934BEBD00E986C7 /* Constants.swift */,
			);
			path = Constants;
			sourceTree = "<group>";
		};
		6C0F33912934BFC800E986C7 /* Models */ = {
			isa = PBXGroup;
			children = (
				6C0F338F2934BFC400E986C7 /* JokesModel.swift */,
				6C0F33A02934C4C100E986C7 /* RandomJokeApp.xcdatamodeld */,
			);
			path = Models;
			sourceTree = "<group>";
		};
		6C0F33942934BFDD00E986C7 /* ViewModels */ = {
			isa = PBXGroup;
			children = (
				6C0F33922934BFDA00E986C7 /* JokesVM.swift */,
			);
			path = ViewModels;
			sourceTree = "<group>";
		};
		6C0F33992934C00800E986C7 /* Controllers */ = {
			isa = PBXGroup;
			children = (
				6C0F33952934BFF800E986C7 /* JokesVC.swift */,
				6C0F33972934C00400E986C7 /* FavoritesVC.swift */,
			);
			path = Controllers;
			sourceTree = "<group>";
		};
		6C0F339E2934C03500E986C7 /* Managers */ = {
			isa = PBXGroup;
			children = (
				6C0F339A2934C02300E986C7 /* NetworkManager.swift */,
				6C0F339C2934C02F00E986C7 /* PersistenceManager.swift */,
			);
			path = Managers;
			sourceTree = "<group>";
		};
		6C0F339F2934C04600E986C7 /* Hosts */ = {
			isa = PBXGroup;
			children = (
				6C8EBAF22934BD1200BC9781 /* AppDelegate.swift */,
				6C8EBAF42934BD1200BC9781 /* SceneDelegate.swift */,
			);
			path = Hosts;
			sourceTree = "<group>";
		};
		6C8EBAE62934BD1200BC9781 = {
			isa = PBXGroup;
			children = (
				6C8EBAF12934BD1200BC9781 /* RandomJokeApp */,
				6C8EBAF02934BD1200BC9781 /* Products */,
			);
			sourceTree = "<group>";
		};
		6C8EBAF02934BD1200BC9781 /* Products */ = {
			isa = PBXGroup;
			children = (
				6C8EBAEF2934BD1200BC9781 /* RandomJokeApp.app */,
			);
			name = Products;
			sourceTree = "<group>";
		};
		6C8EBAF12934BD1200BC9781 /* RandomJokeApp */ = {
			isa = PBXGroup;
			children = (
				6C0F339F2934C04600E986C7 /* Hosts */,
				6C0F339E2934C03500E986C7 /* Managers */,
				6C0F33992934C00800E986C7 /* Controllers */,
				6C0F33942934BFDD00E986C7 /* ViewModels */,
				6C0F33912934BFC800E986C7 /* Models */,
				6C0F33892934BECB00E986C7 /* Constants */,
				6C8EBAFE2934BD1300BC9781 /* Assets.xcassets */,
				6C8EBB002934BD1300BC9781 /* LaunchScreen.storyboard */,
				6C8EBB032934BD1300BC9781 /* Info.plist */,
			);
			path = RandomJokeApp;
			sourceTree = "<group>";
		};
/* End PBXGroup section */

/* Begin PBXNativeTarget section */
		6C8EBAEE2934BD1200BC9781 /* RandomJokeApp */ = {
			isa = PBXNativeTarget;
			buildConfigurationList = 6C8EBB062934BD1300BC9781 /* Build configuration list for PBXNativeTarget "RandomJokeApp" */;
			buildPhases = (
				6C8EBAEB2934BD1200BC9781 /* Sources */,
				6C8EBAEC2934BD1200BC9781 /* Frameworks */,
				6C8EBAED2934BD1200BC9781 /* Resources */,
			);
			buildRules = (
			);
			dependencies = (
			);
			name = RandomJokeApp;
			productName = RandomJokeApp;
			productReference = 6C8EBAEF2934BD1200BC9781 /* RandomJokeApp.app */;
			productType = "com.apple.product-type.application";
		};
/* End PBXNativeTarget section */

/* Begin PBXProject section */
		6C8EBAE72934BD1200BC9781 /* Project object */ = {
			isa = PBXProject;
			attributes = {
				BuildIndependentTargetsInParallel = 1;
				LastSwiftUpdateCheck = 1410;
				LastUpgradeCheck = 1410;
				TargetAttributes = {
					6C8EBAEE2934BD1200BC9781 = {
						CreatedOnToolsVersion = 14.1;
					};
				};
			};
			buildConfigurationList = 6C8EBAEA2934BD1200BC9781 /* Build configuration list for PBXProject "RandomJokeApp" */;
			compatibilityVersion = "Xcode 14.0";
			developmentRegion = en;
			hasScannedForEncodings = 0;
			knownRegions = (
				en,
				Base,
			);
			mainGroup = 6C8EBAE62934BD1200BC9781;
			productRefGroup = 6C8EBAF02934BD1200BC9781 /* Products */;
			projectDirPath = "";
			projectRoot = "";
			targets = (
				6C8EBAEE2934BD1200BC9781 /* RandomJokeApp */,
			);
		};
/* End PBXProject section */

/* Begin PBXResourcesBuildPhase section */
		6C8EBAED2934BD1200BC9781 /* Resources */ = {
			isa = PBXResourcesBuildPhase;
			buildActionMask = 2147483647;
			files = (
				6C8EBB022934BD1300BC9781 /* LaunchScreen.storyboard in Resources */,
				6C8EBAFF2934BD1300BC9781 /* Assets.xcassets in Resources */,
			);
			runOnlyForDeploymentPostprocessing = 0;
		};
/* End PBXResourcesBuildPhase section */

/* Begin PBXSourcesBuildPhase section */
		6C8EBAEB2934BD1200BC9781 /* Sources */ = {
			isa = PBXSourcesBuildPhase;
			buildActionMask = 2147483647;
			files = (
				6C0F33902934BFC400E986C7 /* JokesModel.swift in Sources */,
				6C0F33872934BEBD00E986C7 /* Constants.swift in Sources */,
				6C0F339B2934C02300E986C7 /* NetworkManager.swift in Sources */,
				6C8EBAF32934BD1200BC9781 /* AppDelegate.swift in Sources */,
				6C0F33982934C00400E986C7 /* FavoritesVC.swift in Sources */,
				6C0F33962934BFF800E986C7 /* JokesVC.swift in Sources */,
				6C0F33932934BFDA00E986C7 /* JokesVM.swift in Sources */,
				6C0F33A22934C4C100E986C7 /* RandomJokeApp.xcdatamodeld in Sources */,
				6C0F339D2934C02F00E986C7 /* PersistenceManager.swift in Sources */,
				6C8EBAF52934BD1200BC9781 /* SceneDelegate.swift in Sources */,
			);
			runOnlyForDeploymentPostprocessing = 0;
		};
/* End PBXSourcesBuildPhase section */

/* Begin PBXVariantGroup section */
		6C8EBB002934BD1300BC9781 /* LaunchScreen.storyboard */ = {
			isa = PBXVariantGroup;
			children = (
				6C8EBB012934BD1300BC9781 /* Base */,
			);
			name = LaunchScreen.storyboard;
			sourceTree = "<group>";
		};
/* End PBXVariantGroup section */

/* Begin XCBuildConfiguration section */
		6C8EBB042934BD1300BC9781 /* Debug */ = {
			isa = XCBuildConfiguration;
			buildSettings = {
				ALWAYS_SEARCH_USER_PATHS = NO;
				CLANG_ANALYZER_NONNULL = YES;
				CLANG_ANALYZER_NUMBER_OBJECT_CONVERSION = YES_AGGRESSIVE;
				CLANG_CXX_LANGUAGE_STANDARD = "gnu++20";
				CLANG_ENABLE_MODULES = YES;
				CLANG_ENABLE_OBJC_ARC = YES;
				CLANG_ENABLE_OBJC_WEAK = YES;
				CLANG_WARN_BLOCK_CAPTURE_AUTORELEASING = YES;
				CLANG_WARN_BOOL_CONVERSION = YES;
				CLANG_WARN_COMMA = YES;
				CLANG_WARN_CONSTANT_CONVERSION = YES;
				CLANG_WARN_DEPRECATED_OBJC_IMPLEMENTATIONS = YES;
				CLANG_WARN_DIRECT_OBJC_ISA_USAGE = YES_ERROR;
				CLANG_WARN_DOCUMENTATION_COMMENTS = YES;
				CLANG_WARN_EMPTY_BODY = YES;
				CLANG_WARN_ENUM_CONVERSION = YES;
				CLANG_WARN_INFINITE_RECURSION = YES;
				CLANG_WARN_INT_CONVERSION = YES;
				CLANG_WARN_NON_LITERAL_NULL_CONVERSION = YES;
				CLANG_WARN_OBJC_IMPLICIT_RETAIN_SELF = YES;
				CLANG_WARN_OBJC_LITERAL_CONVERSION = YES;
				CLANG_WARN_OBJC_ROOT_CLASS = YES_ERROR;
				CLANG_WARN_QUOTED_INCLUDE_IN_FRAMEWORK_HEADER = YES;
				CLANG_WARN_RANGE_LOOP_ANALYSIS = YES;
				CLANG_WARN_STRICT_PROTOTYPES = YES;
				CLANG_WARN_SUSPICIOUS_MOVE = YES;
				CLANG_WARN_UNGUARDED_AVAILABILITY = YES_AGGRESSIVE;
				CLANG_WARN_UNREACHABLE_CODE = YES;
				CLANG_WARN__DUPLICATE_METHOD_MATCH = YES;
				COPY_PHASE_STRIP = NO;
				DEBUG_INFORMATION_FORMAT = dwarf;
				ENABLE_STRICT_OBJC_MSGSEND = YES;
				ENABLE_TESTABILITY = YES;
				GCC_C_LANGUAGE_STANDARD = gnu11;
				GCC_DYNAMIC_NO_PIC = NO;
				GCC_NO_COMMON_BLOCKS = YES;
				GCC_OPTIMIZATION_LEVEL = 0;
				GCC_PREPROCESSOR_DEFINITIONS = (
					"DEBUG=1",
					"$(inherited)",
				);
				GCC_WARN_64_TO_32_BIT_CONVERSION = YES;
				GCC_WARN_ABOUT_RETURN_TYPE = YES_ERROR;
				GCC_WARN_UNDECLARED_SELECTOR = YES;
				GCC_WARN_UNINITIALIZED_AUTOS = YES_AGGRESSIVE;
				GCC_WARN_UNUSED_FUNCTION = YES;
				GCC_WARN_UNUSED_VARIABLE = YES;
				IPHONEOS_DEPLOYMENT_TARGET = 16.1;
				MTL_ENABLE_DEBUG_INFO = INCLUDE_SOURCE;
				MTL_FAST_MATH = YES;
				ONLY_ACTIVE_ARCH = YES;
				SDKROOT = iphoneos;
				SWIFT_ACTIVE_COMPILATION_CONDITIONS = DEBUG;
				SWIFT_OPTIMIZATION_LEVEL = "-Onone";
			};
			name = Debug;
		};
		6C8EBB052934BD1300BC9781 /* Release */ = {
			isa = XCBuildConfiguration;
			buildSettings = {
				ALWAYS_SEARCH_USER_PATHS = NO;
				CLANG_ANALYZER_NONNULL = YES;
				CLANG_ANALYZER_NUMBER_OBJECT_CONVERSION = YES_AGGRESSIVE;
				CLANG_CXX_LANGUAGE_STANDARD = "gnu++20";
				CLANG_ENABLE_MODULES = YES;
				CLANG_ENABLE_OBJC_ARC = YES;
				CLANG_ENABLE_OBJC_WEAK = YES;
				CLANG_WARN_BLOCK_CAPTURE_AUTORELEASING = YES;
				CLANG_WARN_BOOL_CONVERSION = YES;
				CLANG_WARN_COMMA = YES;
				CLANG_WARN_CONSTANT_CONVERSION = YES;
				CLANG_WARN_DEPRECATED_OBJC_IMPLEMENTATIONS = YES;
				CLANG_WARN_DIRECT_OBJC_ISA_USAGE = YES_ERROR;
				CLANG_WARN_DOCUMENTATION_COMMENTS = YES;
				CLANG_WARN_EMPTY_BODY = YES;
				CLANG_WARN_ENUM_CONVERSION = YES;
				CLANG_WARN_INFINITE_RECURSION = YES;
				CLANG_WARN_INT_CONVERSION = YES;
				CLANG_WARN_NON_LITERAL_NULL_CONVERSION = YES;
				CLANG_WARN_OBJC_IMPLICIT_RETAIN_SELF = YES;
				CLANG_WARN_OBJC_LITERAL_CONVERSION = YES;
				CLANG_WARN_OBJC_ROOT_CLASS = YES_ERROR;
				CLANG_WARN_QUOTED_INCLUDE_IN_FRAMEWORK_HEADER = YES;
				CLANG_WARN_RANGE_LOOP_ANALYSIS = YES;
				CLANG_WARN_STRICT_PROTOTYPES = YES;
				CLANG_WARN_SUSPICIOUS_MOVE = YES;
				CLANG_WARN_UNGUARDED_AVAILABILITY = YES_AGGRESSIVE;
				CLANG_WARN_UNREACHABLE_CODE = YES;
				CLANG_WARN__DUPLICATE_METHOD_MATCH = YES;
				COPY_PHASE_STRIP = NO;
				DEBUG_INFORMATION_FORMAT = "dwarf-with-dsym";
				ENABLE_NS_ASSERTIONS = NO;
				ENABLE_STRICT_OBJC_MSGSEND = YES;
				GCC_C_LANGUAGE_STANDARD = gnu11;
				GCC_NO_COMMON_BLOCKS = YES;
				GCC_WARN_64_TO_32_BIT_CONVERSION = YES;
				GCC_WARN_ABOUT_RETURN_TYPE = YES_ERROR;
				GCC_WARN_UNDECLARED_SELECTOR = YES;
				GCC_WARN_UNINITIALIZED_AUTOS = YES_AGGRESSIVE;
				GCC_WARN_UNUSED_FUNCTION = YES;
				GCC_WARN_UNUSED_VARIABLE = YES;
				IPHONEOS_DEPLOYMENT_TARGET = 16.1;
				MTL_ENABLE_DEBUG_INFO = NO;
				MTL_FAST_MATH = YES;
				SDKROOT = iphoneos;
				SWIFT_COMPILATION_MODE = wholemodule;
				SWIFT_OPTIMIZATION_LEVEL = "-O";
				VALIDATE_PRODUCT = YES;
			};
			name = Release;
		};
		6C8EBB072934BD1300BC9781 /* Debug */ = {
			isa = XCBuildConfiguration;
			buildSettings = {
				ASSETCATALOG_COMPILER_APPICON_NAME = AppIcon;
				ASSETCATALOG_COMPILER_GLOBAL_ACCENT_COLOR_NAME = AccentColor;
				CODE_SIGN_STYLE = Automatic;
				CURRENT_PROJECT_VERSION = 1;
				GENERATE_INFOPLIST_FILE = YES;
				INFOPLIST_FILE = RandomJokeApp/Info.plist;
				INFOPLIST_KEY_UIApplicationSupportsIndirectInputEvents = YES;
				INFOPLIST_KEY_UILaunchStoryboardName = LaunchScreen;
				INFOPLIST_KEY_UISupportedInterfaceOrientations = UIInterfaceOrientationPortrait;
				INFOPLIST_KEY_UISupportedInterfaceOrientations_iPad = "UIInterfaceOrientationLandscapeLeft UIInterfaceOrientationLandscapeRight UIInterfaceOrientationPortrait UIInterfaceOrientationPortraitUpsideDown";
				LD_RUNPATH_SEARCH_PATHS = (
					"$(inherited)",
					"@executable_path/Frameworks",
				);
				MARKETING_VERSION = 1.0;
				PRODUCT_BUNDLE_IDENTIFIER = acn.jian.mikee.pacheco.RandomJokeApp;
				PRODUCT_NAME = "$(TARGET_NAME)";
				SUPPORTED_PLATFORMS = "iphoneos iphonesimulator";
				SUPPORTS_MACCATALYST = NO;
				SUPPORTS_MAC_DESIGNED_FOR_IPHONE_IPAD = NO;
				SWIFT_EMIT_LOC_STRINGS = YES;
				SWIFT_VERSION = 5.0;
				TARGETED_DEVICE_FAMILY = 1;
			};
			name = Debug;
		};
		6C8EBB082934BD1300BC9781 /* Release */ = {
			isa = XCBuildConfiguration;
			buildSettings = {
				ASSETCATALOG_COMPILER_APPICON_NAME = AppIcon;
				ASSETCATALOG_COMPILER_GLOBAL_ACCENT_COLOR_NAME = AccentColor;
				CODE_SIGN_STYLE = Automatic;
				CURRENT_PROJECT_VERSION = 1;
				GENERATE_INFOPLIST_FILE = YES;
				INFOPLIST_FILE = RandomJokeApp/Info.plist;
				INFOPLIST_KEY_UIApplicationSupportsIndirectInputEvents = YES;
				INFOPLIST_KEY_UILaunchStoryboardName = LaunchScreen;
				INFOPLIST_KEY_UISupportedInterfaceOrientations = UIInterfaceOrientationPortrait;
				INFOPLIST_KEY_UISupportedInterfaceOrientations_iPad = "UIInterfaceOrientationLandscapeLeft UIInterfaceOrientationLandscapeRight UIInterfaceOrientationPortrait UIInterfaceOrientationPortraitUpsideDown";
				LD_RUNPATH_SEARCH_PATHS = (
					"$(inherited)",
					"@executable_path/Frameworks",
				);
				MARKETING_VERSION = 1.0;
				PRODUCT_BUNDLE_IDENTIFIER = acn.jian.mikee.pacheco.RandomJokeApp;
				PRODUCT_NAME = "$(TARGET_NAME)";
				SUPPORTED_PLATFORMS = "iphoneos iphonesimulator";
				SUPPORTS_MACCATALYST = NO;
				SUPPORTS_MAC_DESIGNED_FOR_IPHONE_IPAD = NO;
				SWIFT_EMIT_LOC_STRINGS = YES;
				SWIFT_VERSION = 5.0;
				TARGETED_DEVICE_FAMILY = 1;
			};
			name = Release;
		};
/* End XCBuildConfiguration section */

/* Begin XCConfigurationList section */
		6C8EBAEA2934BD1200BC9781 /* Build configuration list for PBXProject "RandomJokeApp" */ = {
			isa = XCConfigurationList;
			buildConfigurations = (
				6C8EBB042934BD1300BC9781 /* Debug */,
				6C8EBB052934BD1300BC9781 /* Release */,
			);
			defaultConfigurationIsVisible = 0;
			defaultConfigurationName = Release;
		};
		6C8EBB062934BD1300BC9781 /* Build configuration list for PBXNativeTarget "RandomJokeApp" */ = {
			isa = XCConfigurationList;
			buildConfigurations = (
				6C8EBB072934BD1300BC9781 /* Debug */,
				6C8EBB082934BD1300BC9781 /* Release */,
			);
			defaultConfigurationIsVisible = 0;
			defaultConfigurationName = Release;
		};
/* End XCConfigurationList section */

/* Begin XCVersionGroup section */
		6C0F33A02934C4C100E986C7 /* RandomJokeApp.xcdatamodeld */ = {
			isa = XCVersionGroup;
			children = (
				6C0F33A12934C4C100E986C7 /* RandomJokeAppModel.xcdatamodel */,
			);
			currentVersion = 6C0F33A12934C4C100E986C7 /* RandomJokeAppModel.xcdatamodel */;
			path = RandomJokeApp.xcdatamodeld;
			sourceTree = "<group>";
			versionGroupType = wrapper.xcdatamodel;
		};
/* End XCVersionGroup section */
	};
	rootObject = 6C8EBAE72934BD1200BC9781 /* Project object */;
}
